
Microsoft Visual Studio Solution File, Format Version 11.00
# Visual Studio 2010
Project("{FAE04EC0-301F-11D3-BF4B-00C04F79EFBC}") = "Me.Web.Mvc", "Me.Web.Mvc\Me.Web.Mvc.csproj", "{794BE66F-5ED8-40A5-8413-ED7D4199B099}"
EndProject
Global
	GlobalSection(SolutionConfigurationPlatforms) = preSolution
		Debug|Any CPU = Debug|Any CPU
		Release|Any CPU = Release|Any CPU
	EndGlobalSection
	GlobalSection(ProjectConfigurationPlatforms) = postSolution
		{794BE66F-5ED8-40A5-8413-ED7D4199B099}.Debug|Any CPU.ActiveCfg = Debug|Any CPU
		{794BE66F-5ED8-40A5-8413-ED7D4199B099}.Debug|Any CPU.Build.0 = Debug|Any CPU
		{794BE66F-5ED8-40A5-8413-ED7D4199B099}.Release|Any CPU.ActiveCfg = Release|Any CPU
		{794BE66F-5ED8-40A5-8413-ED7D4199B099}.Release|Any CPU.Build.0 = Release|Any CPU
	EndGlobalSection
	GlobalSection(SolutionProperties) = preSolution
		HideSolutionNode = FALSE
	EndGlobalSection
EndGlobal
